
Microsoft Visual Studio Solution File, Format Version 12.00
# Visual Studio 15
VisualStudioVersion = 15.0.28307.329
MinimumVisualStudioVersion = 10.0.40219.1
Project("{9A19103F-16F7-4668-BE54-9A1E7A4F7556}") = "UltimateQA.Test", "GitHubUltimateQA.Test\UltimateQA.Test.csproj", "{884C100F-50C5-45D2-9B9F-D61C9A608801}"
EndProject
Global
	GlobalSection(SolutionConfigurationPlatforms) = preSolution
		Debug|Any CPU = Debug|Any CPU
		Release|Any CPU = Release|Any CPU
	EndGlobalSection
	GlobalSection(ProjectConfigurationPlatforms) = postSolution
		{884C100F-50C5-45D2-9B9F-D61C9A608801}.Debug|Any CPU.ActiveCfg = Debug|Any CPU
		{884C100F-50C5-45D2-9B9F-D61C9A608801}.Debug|Any CPU.Build.0 = Debug|Any CPU
		{884C100F-50C5-45D2-9B9F-D61C9A608801}.Release|Any CPU.ActiveCfg = Release|Any CPU
		{884C100F-50C5-45D2-9B9F-D61C9A608801}.Release|Any CPU.Build.0 = Release|Any CPU
	EndGlobalSection
	GlobalSection(SolutionProperties) = preSolution
		HideSolutionNode = FALSE
	EndGlobalSection
	GlobalSection(ExtensibilityGlobals) = postSolution
		SolutionGuid = {EA9C0930-0A18-4A0F-A621-864F063AF2AE}
	EndGlobalSection
EndGlobal
